version: 1

source:
  repository: https://github.com/DanilFaritovich/codex-development-standards
  ref: "47642ecbc2587c237c7a3d83e3155eac5d5ae585"

profile:
  name: ansible-infrastructure
  version: 1

skills:
  - task-development-workflow
  - standards-sync
  - code-quality
  - ansible
  - github-actions
  - documentation
  - licensing

optional_skills: []
