version: 1

source:
  repository: https://github.com/DanilFaritovich/codex-development-standards
  ref: "c46db3b4b269e123aaba8c21a6edcb543f526b8b"

profile:
  name: ansible-infrastructure
  version: 1

skills:
  - task-development-workflow
  - standards-sync
  - code-quality
  - ansible
  - github-actions
  - documentation
  - licensing

optional_skills: []
